
Microsoft Visual Studio Solution File, Format Version 12.00
# Visual Studio Version 17
VisualStudioVersion = 17.7.34202.233
MinimumVisualStudioVersion = 10.0.40219.1
Project("{9A19103F-16F7-4668-BE54-9A1E7A4F7556}") = "ConsoleApp1", "ConsoleApp1\ConsoleApp1.csproj", "{9EED89F8-2EA9-486C-8D77-1326B4842557}"
EndProject
Project("{9A19103F-16F7-4668-BE54-9A1E7A4F7556}") = "TypesAndVariables", "TypesAndVariables\TypesAndVariables.csproj", "{000D838E-7080-4419-BF81-4ABE941A0B64}"
EndProject
Project("{9A19103F-16F7-4668-BE54-9A1E7A4F7556}") = "Conditionals", "Conditionals\Conditionals.csproj", "{460CE40E-F04D-49CA-8718-4C4075FF5EEE}"
EndProject
Project("{9A19103F-16F7-4668-BE54-9A1E7A4F7556}") = "Methods", "Methods\Methods.csproj", "{CB79B30B-6C0A-41A0-B87D-FEBB895391A7}"
EndProject
Project("{9A19103F-16F7-4668-BE54-9A1E7A4F7556}") = "Arrays", "Arrays\Arrays.csproj", "{AFFAA338-380C-40BE-95BD-36466055587D}"
EndProject
Project("{FAE04EC0-301F-11D3-BF4B-00C04F79EFBC}") = "Loops", "Loops\Loops.csproj", "{C41E8580-8FB7-465B-9326-A747532086E9}"
EndProject
Global
	GlobalSection(SolutionConfigurationPlatforms) = preSolution
		Debug|Any CPU = Debug|Any CPU
		Release|Any CPU = Release|Any CPU
	EndGlobalSection
	GlobalSection(ProjectConfigurationPlatforms) = postSolution
		{9EED89F8-2EA9-486C-8D77-1326B4842557}.Debug|Any CPU.ActiveCfg = Debug|Any CPU
		{9EED89F8-2EA9-486C-8D77-1326B4842557}.Debug|Any CPU.Build.0 = Debug|Any CPU
		{9EED89F8-2EA9-486C-8D77-1326B4842557}.Release|Any CPU.ActiveCfg = Release|Any CPU
		{9EED89F8-2EA9-486C-8D77-1326B4842557}.Release|Any CPU.Build.0 = Release|Any CPU
		{000D838E-7080-4419-BF81-4ABE941A0B64}.Debug|Any CPU.ActiveCfg = Debug|Any CPU
		{000D838E-7080-4419-BF81-4ABE941A0B64}.Debug|Any CPU.Build.0 = Debug|Any CPU
		{000D838E-7080-4419-BF81-4ABE941A0B64}.Release|Any CPU.ActiveCfg = Release|Any CPU
		{000D838E-7080-4419-BF81-4ABE941A0B64}.Release|Any CPU.Build.0 = Release|Any CPU
		{460CE40E-F04D-49CA-8718-4C4075FF5EEE}.Debug|Any CPU.ActiveCfg = Debug|Any CPU
		{460CE40E-F04D-49CA-8718-4C4075FF5EEE}.Debug|Any CPU.Build.0 = Debug|Any CPU
		{460CE40E-F04D-49CA-8718-4C4075FF5EEE}.Release|Any CPU.ActiveCfg = Release|Any CPU
		{460CE40E-F04D-49CA-8718-4C4075FF5EEE}.Release|Any CPU.Build.0 = Release|Any CPU
		{CB79B30B-6C0A-41A0-B87D-FEBB895391A7}.Debug|Any CPU.ActiveCfg = Debug|Any CPU
		{CB79B30B-6C0A-41A0-B87D-FEBB895391A7}.Debug|Any CPU.Build.0 = Debug|Any CPU
		{CB79B30B-6C0A-41A0-B87D-FEBB895391A7}.Release|Any CPU.ActiveCfg = Release|Any CPU
		{CB79B30B-6C0A-41A0-B87D-FEBB895391A7}.Release|Any CPU.Build.0 = Release|Any CPU
		{AFFAA338-380C-40BE-95BD-36466055587D}.Debug|Any CPU.ActiveCfg = Debug|Any CPU
		{AFFAA338-380C-40BE-95BD-36466055587D}.Debug|Any CPU.Build.0 = Debug|Any CPU
		{AFFAA338-380C-40BE-95BD-36466055587D}.Release|Any CPU.ActiveCfg = Release|Any CPU
		{AFFAA338-380C-40BE-95BD-36466055587D}.Release|Any CPU.Build.0 = Release|Any CPU
		{C41E8580-8FB7-465B-9326-A747532086E9}.Debug|Any CPU.ActiveCfg = Debug|Any CPU
		{C41E8580-8FB7-465B-9326-A747532086E9}.Debug|Any CPU.Build.0 = Debug|Any CPU
		{C41E8580-8FB7-465B-9326-A747532086E9}.Release|Any CPU.ActiveCfg = Release|Any CPU
		{C41E8580-8FB7-465B-9326-A747532086E9}.Release|Any CPU.Build.0 = Release|Any CPU
	EndGlobalSection
	GlobalSection(SolutionProperties) = preSolution
		HideSolutionNode = FALSE
	EndGlobalSection
	GlobalSection(ExtensibilityGlobals) = postSolution
		SolutionGuid = {FFAD95EA-E422-4EBC-9DE4-7225508623C4}
	EndGlobalSection
EndGlobal
